
Microsoft Visual Studio Solution File, Format Version 12.00
# Visual Studio 15
VisualStudioVersion = 15.0.26730.16
MinimumVisualStudioVersion = 10.0.40219.1
Project("{FAE04EC0-301F-11D3-BF4B-00C04F79EFBC}") = "MySQL_Sample", "MySQL_Sample\MySQL_Sample.csproj", "{244C9584-9125-40E0-AF02-CFE5DE1CF57A}"
EndProject
Global
	GlobalSection(SolutionConfigurationPlatforms) = preSolution
		Debug|Any CPU = Debug|Any CPU
		Release|Any CPU = Release|Any CPU
	EndGlobalSection
	GlobalSection(ProjectConfigurationPlatforms) = postSolution
		{244C9584-9125-40E0-AF02-CFE5DE1CF57A}.Debug|Any CPU.ActiveCfg = Debug|Any CPU
		{244C9584-9125-40E0-AF02-CFE5DE1CF57A}.Debug|Any CPU.Build.0 = Debug|Any CPU
		{244C9584-9125-40E0-AF02-CFE5DE1CF57A}.Release|Any CPU.ActiveCfg = Release|Any CPU
		{244C9584-9125-40E0-AF02-CFE5DE1CF57A}.Release|Any CPU.Build.0 = Release|Any CPU
	EndGlobalSection
	GlobalSection(SolutionProperties) = preSolution
		HideSolutionNode = FALSE
	EndGlobalSection
	GlobalSection(ExtensibilityGlobals) = postSolution
		SolutionGuid = {15845736-E82F-4664-941A-44C94C7DDD0D}
	EndGlobalSection
EndGlobal
